
Microsoft Visual Studio Solution File, Format Version 12.00
# Visual Studio Version 17
VisualStudioVersion = 17.13.35931.197
MinimumVisualStudioVersion = 10.0.40219.1
Project("{FAE04EC0-301F-11D3-BF4B-00C04F79EFBC}") = "Domain", "Domain\Domain.csproj", "{5B651936-68FF-41A3-A0E9-35ED8DDA08F9}"
EndProject
Project("{FAE04EC0-301F-11D3-BF4B-00C04F79EFBC}") = "Application", "Application\Application.csproj", "{9DC263AA-3672-471A-A427-8C069FB254C8}"
EndProject
Project("{FAE04EC0-301F-11D3-BF4B-00C04F79EFBC}") = "Infrastructure", "Infrastructure\Infrastructure.csproj", "{689F41BB-DEA4-4817-B3F8-F42A5F9F431C}"
EndProject
Project("{FAE04EC0-301F-11D3-BF4B-00C04F79EFBC}") = "API", "API\API.csproj", "{78F811E4-E0DF-45F6-9703-AA37AD537452}"
EndProject
Global
	GlobalSection(SolutionConfigurationPlatforms) = preSolution
		Debug|Any CPU = Debug|Any CPU
		Debug|x64 = Debug|x64
		Debug|x86 = Debug|x86
		Release|Any CPU = Release|Any CPU
		Release|x64 = Release|x64
		Release|x86 = Release|x86
	EndGlobalSection
	GlobalSection(ProjectConfigurationPlatforms) = postSolution
		{390BFCA5-71EF-4797-9ED8-05AE4713946A}.Debug|Any CPU.ActiveCfg = Debug|Any CPU
		{390BFCA5-71EF-4797-9ED8-05AE4713946A}.Debug|Any CPU.Build.0 = Debug|Any CPU
		{390BFCA5-71EF-4797-9ED8-05AE4713946A}.Debug|x64.ActiveCfg = Debug|Any CPU
		{390BFCA5-71EF-4797-9ED8-05AE4713946A}.Debug|x64.Build.0 = Debug|Any CPU
		{390BFCA5-71EF-4797-9ED8-05AE4713946A}.Debug|x86.ActiveCfg = Debug|Any CPU
		{390BFCA5-71EF-4797-9ED8-05AE4713946A}.Debug|x86.Build.0 = Debug|Any CPU
		{390BFCA5-71EF-4797-9ED8-05AE4713946A}.Release|Any CPU.ActiveCfg = Release|Any CPU
		{390BFCA5-71EF-4797-9ED8-05AE4713946A}.Release|Any CPU.Build.0 = Release|Any CPU
		{390BFCA5-71EF-4797-9ED8-05AE4713946A}.Release|x64.ActiveCfg = Release|Any CPU
		{390BFCA5-71EF-4797-9ED8-05AE4713946A}.Release|x64.Build.0 = Release|Any CPU
		{390BFCA5-71EF-4797-9ED8-05AE4713946A}.Release|x86.ActiveCfg = Release|Any CPU
		{390BFCA5-71EF-4797-9ED8-05AE4713946A}.Release|x86.Build.0 = Release|Any CPU
		{5B651936-68FF-41A3-A0E9-35ED8DDA08F9}.Debug|Any CPU.ActiveCfg = Debug|Any CPU
		{5B651936-68FF-41A3-A0E9-35ED8DDA08F9}.Debug|Any CPU.Build.0 = Debug|Any CPU
		{5B651936-68FF-41A3-A0E9-35ED8DDA08F9}.Debug|x64.ActiveCfg = Debug|Any CPU
		{5B651936-68FF-41A3-A0E9-35ED8DDA08F9}.Debug|x64.Build.0 = Debug|Any CPU
		{5B651936-68FF-41A3-A0E9-35ED8DDA08F9}.Debug|x86.ActiveCfg = Debug|Any CPU
		{5B651936-68FF-41A3-A0E9-35ED8DDA08F9}.Debug|x86.Build.0 = Debug|Any CPU
		{5B651936-68FF-41A3-A0E9-35ED8DDA08F9}.Release|Any CPU.ActiveCfg = Release|Any CPU
		{5B651936-68FF-41A3-A0E9-35ED8DDA08F9}.Release|Any CPU.Build.0 = Release|Any CPU
		{5B651936-68FF-41A3-A0E9-35ED8DDA08F9}.Release|x64.ActiveCfg = Release|Any CPU
		{5B651936-68FF-41A3-A0E9-35ED8DDA08F9}.Release|x64.Build.0 = Release|Any CPU
		{5B651936-68FF-41A3-A0E9-35ED8DDA08F9}.Release|x86.ActiveCfg = Release|Any CPU
		{5B651936-68FF-41A3-A0E9-35ED8DDA08F9}.Release|x86.Build.0 = Release|Any CPU
		{9DC263AA-3672-471A-A427-8C069FB254C8}.Debug|Any CPU.ActiveCfg = Debug|Any CPU
		{9DC263AA-3672-471A-A427-8C069FB254C8}.Debug|Any CPU.Build.0 = Debug|Any CPU
		{9DC263AA-3672-471A-A427-8C069FB254C8}.Debug|x64.ActiveCfg = Debug|Any CPU
		{9DC263AA-3672-471A-A427-8C069FB254C8}.Debug|x64.Build.0 = Debug|Any CPU
		{9DC263AA-3672-471A-A427-8C069FB254C8}.Debug|x86.ActiveCfg = Debug|Any CPU
		{9DC263AA-3672-471A-A427-8C069FB254C8}.Debug|x86.Build.0 = Debug|Any CPU
		{9DC263AA-3672-471A-A427-8C069FB254C8}.Release|Any CPU.ActiveCfg = Release|Any CPU
		{9DC263AA-3672-471A-A427-8C069FB254C8}.Release|Any CPU.Build.0 = Release|Any CPU
		{9DC263AA-3672-471A-A427-8C069FB254C8}.Release|x64.ActiveCfg = Release|Any CPU
		{9DC263AA-3672-471A-A427-8C069FB254C8}.Release|x64.Build.0 = Release|Any CPU
		{9DC263AA-3672-471A-A427-8C069FB254C8}.Release|x86.ActiveCfg = Release|Any CPU
		{9DC263AA-3672-471A-A427-8C069FB254C8}.Release|x86.Build.0 = Release|Any CPU
		{689F41BB-DEA4-4817-B3F8-F42A5F9F431C}.Debug|Any CPU.ActiveCfg = Debug|Any CPU
		{689F41BB-DEA4-4817-B3F8-F42A5F9F431C}.Debug|Any CPU.Build.0 = Debug|Any CPU
		{689F41BB-DEA4-4817-B3F8-F42A5F9F431C}.Debug|x64.ActiveCfg = Debug|Any CPU
		{689F41BB-DEA4-4817-B3F8-F42A5F9F431C}.Debug|x64.Build.0 = Debug|Any CPU
		{689F41BB-DEA4-4817-B3F8-F42A5F9F431C}.Debug|x86.ActiveCfg = Debug|Any CPU
		{689F41BB-DEA4-4817-B3F8-F42A5F9F431C}.Debug|x86.Build.0 = Debug|Any CPU
		{689F41BB-DEA4-4817-B3F8-F42A5F9F431C}.Release|Any CPU.ActiveCfg = Release|Any CPU
		{689F41BB-DEA4-4817-B3F8-F42A5F9F431C}.Release|Any CPU.Build.0 = Release|Any CPU
		{689F41BB-DEA4-4817-B3F8-F42A5F9F431C}.Release|x64.ActiveCfg = Release|Any CPU
		{689F41BB-DEA4-4817-B3F8-F42A5F9F431C}.Release|x64.Build.0 = Release|Any CPU
		{689F41BB-DEA4-4817-B3F8-F42A5F9F431C}.Release|x86.ActiveCfg = Release|Any CPU
		{689F41BB-DEA4-4817-B3F8-F42A5F9F431C}.Release|x86.Build.0 = Release|Any CPU
		{78F811E4-E0DF-45F6-9703-AA37AD537452}.Debug|Any CPU.ActiveCfg = Debug|Any CPU
		{78F811E4-E0DF-45F6-9703-AA37AD537452}.Debug|Any CPU.Build.0 = Debug|Any CPU
		{78F811E4-E0DF-45F6-9703-AA37AD537452}.Debug|x64.ActiveCfg = Debug|Any CPU
		{78F811E4-E0DF-45F6-9703-AA37AD537452}.Debug|x64.Build.0 = Debug|Any CPU
		{78F811E4-E0DF-45F6-9703-AA37AD537452}.Debug|x86.ActiveCfg = Debug|Any CPU
		{78F811E4-E0DF-45F6-9703-AA37AD537452}.Debug|x86.Build.0 = Debug|Any CPU
		{78F811E4-E0DF-45F6-9703-AA37AD537452}.Release|Any CPU.ActiveCfg = Release|Any CPU
		{78F811E4-E0DF-45F6-9703-AA37AD537452}.Release|Any CPU.Build.0 = Release|Any CPU
		{78F811E4-E0DF-45F6-9703-AA37AD537452}.Release|x64.ActiveCfg = Release|Any CPU
		{78F811E4-E0DF-45F6-9703-AA37AD537452}.Release|x64.Build.0 = Release|Any CPU
		{78F811E4-E0DF-45F6-9703-AA37AD537452}.Release|x86.ActiveCfg = Release|Any CPU
		{78F811E4-E0DF-45F6-9703-AA37AD537452}.Release|x86.Build.0 = Release|Any CPU
	EndGlobalSection
	GlobalSection(SolutionProperties) = preSolution
		HideSolutionNode = FALSE
	EndGlobalSection
	GlobalSection(ExtensibilityGlobals) = postSolution
		SolutionGuid = {7CE5B66D-1BF8-4AA7-ACBE-0A6D6DC5109B}
	EndGlobalSection
EndGlobal
